
Microsoft Visual Studio Solution File, Format Version 12.00
# Visual Studio Version 16
VisualStudioVersion = 16.0.31410.357
MinimumVisualStudioVersion = 10.0.40219.1
Project("{FAE04EC0-301F-11D3-BF4B-00C04F79EFBC}") = "Niravadea.Projects.YtMusicDownloader", "Niravadea.Projects.YtMusicDownloader\Niravadea.Projects.YtMusicDownloader.csproj", "{F3DCF30E-8306-4931-8B8C-AA005E3EB046}"
EndProject
Global
	GlobalSection(SolutionConfigurationPlatforms) = preSolution
		Debug|Any CPU = Debug|Any CPU
		Release|Any CPU = Release|Any CPU
	EndGlobalSection
	GlobalSection(ProjectConfigurationPlatforms) = postSolution
		{F3DCF30E-8306-4931-8B8C-AA005E3EB046}.Debug|Any CPU.ActiveCfg = Debug|Any CPU
		{F3DCF30E-8306-4931-8B8C-AA005E3EB046}.Debug|Any CPU.Build.0 = Debug|Any CPU
		{F3DCF30E-8306-4931-8B8C-AA005E3EB046}.Release|Any CPU.ActiveCfg = Release|Any CPU
		{F3DCF30E-8306-4931-8B8C-AA005E3EB046}.Release|Any CPU.Build.0 = Release|Any CPU
	EndGlobalSection
	GlobalSection(SolutionProperties) = preSolution
		HideSolutionNode = FALSE
	EndGlobalSection
	GlobalSection(ExtensibilityGlobals) = postSolution
		SolutionGuid = {FE411E82-020F-4017-94AD-35FF4DB6A967}
	EndGlobalSection
EndGlobal
